
Microsoft Visual Studio Solution File, Format Version 12.00
# Visual Studio 15
Project("{FAE04EC0-301F-11D3-BF4B-00C04F79EFBC}") = "Assembly-CSharp", "Assembly-CSharp.csproj", "{9AB043E7-0BA8-AC63-6F1F-1969A40A00C1}"
EndProject
Project("{FAE04EC0-301F-11D3-BF4B-00C04F79EFBC}") = "Assembly-CSharp-Editor", "Assembly-CSharp-Editor.csproj", "{C40D810E-51BC-9C21-679F-F70140E18C48}"
EndProject
Global
	GlobalSection(SolutionConfigurationPlatforms) = preSolution
		Debug|Any CPU = Debug|Any CPU
		Release|Any CPU = Release|Any CPU
	EndGlobalSection
	GlobalSection(ProjectConfigurationPlatforms) = postSolution
		{9AB043E7-0BA8-AC63-6F1F-1969A40A00C1}.Debug|Any CPU.ActiveCfg = Debug|Any CPU
		{9AB043E7-0BA8-AC63-6F1F-1969A40A00C1}.Debug|Any CPU.Build.0 = Debug|Any CPU
		{9AB043E7-0BA8-AC63-6F1F-1969A40A00C1}.Release|Any CPU.ActiveCfg = Release|Any CPU
		{9AB043E7-0BA8-AC63-6F1F-1969A40A00C1}.Release|Any CPU.Build.0 = Release|Any CPU
		{C40D810E-51BC-9C21-679F-F70140E18C48}.Debug|Any CPU.ActiveCfg = Debug|Any CPU
		{C40D810E-51BC-9C21-679F-F70140E18C48}.Debug|Any CPU.Build.0 = Debug|Any CPU
		{C40D810E-51BC-9C21-679F-F70140E18C48}.Release|Any CPU.ActiveCfg = Release|Any CPU
		{C40D810E-51BC-9C21-679F-F70140E18C48}.Release|Any CPU.Build.0 = Release|Any CPU
	EndGlobalSection
	GlobalSection(SolutionProperties) = preSolution
		HideSolutionNode = FALSE
	EndGlobalSection
EndGlobal
